
Microsoft Visual Studio Solution File, Format Version 11.00
# Visual Basic Express 2010
Project("{F184B08F-C81C-45F6-A57F-5ABD9991F28F}") = "Aula 5 - Alarme", "Aula 5 - Alarme\Aula 5 - Alarme.vbproj", "{E2C2D9A9-3881-4B48-A733-1EA75E6771F5}"
EndProject
Global
	GlobalSection(SolutionConfigurationPlatforms) = preSolution
		Debug|x86 = Debug|x86
		Release|x86 = Release|x86
	EndGlobalSection
	GlobalSection(ProjectConfigurationPlatforms) = postSolution
		{E2C2D9A9-3881-4B48-A733-1EA75E6771F5}.Debug|x86.ActiveCfg = Debug|x86
		{E2C2D9A9-3881-4B48-A733-1EA75E6771F5}.Debug|x86.Build.0 = Debug|x86
		{E2C2D9A9-3881-4B48-A733-1EA75E6771F5}.Release|x86.ActiveCfg = Release|x86
		{E2C2D9A9-3881-4B48-A733-1EA75E6771F5}.Release|x86.Build.0 = Release|x86
	EndGlobalSection
	GlobalSection(SolutionProperties) = preSolution
		HideSolutionNode = FALSE
	EndGlobalSection
EndGlobal
